Microsoft Visual Studio Solution File, Format Version 12.00
# Visual Studio Version 17
VisualStudioVersion = 17.5.2.0
MinimumVisualStudioVersion = 10.0.40219.1
Project("{FAE04EC0-301F-11D3-BF4B-00C04F79EFBC}") = "ColorGlyphs", "ColorGlyphs.csproj", "{B242C5E2-2CB4-B31D-9565-FCBF3ACCA1ED}"
EndProject
Global
	GlobalSection(SolutionConfigurationPlatforms) = preSolution
		Debug|Any CPU = Debug|Any CPU
		Release|Any CPU = Release|Any CPU
	EndGlobalSection
	GlobalSection(ProjectConfigurationPlatforms) = postSolution
		{B242C5E2-2CB4-B31D-9565-FCBF3ACCA1ED}.Debug|Any CPU.ActiveCfg = Debug|Any CPU
		{B242C5E2-2CB4-B31D-9565-FCBF3ACCA1ED}.Debug|Any CPU.Build.0 = Debug|Any CPU
		{B242C5E2-2CB4-B31D-9565-FCBF3ACCA1ED}.Release|Any CPU.ActiveCfg = Release|Any CPU
		{B242C5E2-2CB4-B31D-9565-FCBF3ACCA1ED}.Release|Any CPU.Build.0 = Release|Any CPU
	EndGlobalSection
	GlobalSection(SolutionProperties) = preSolution
		HideSolutionNode = FALSE
	EndGlobalSection
	GlobalSection(ExtensibilityGlobals) = postSolution
		SolutionGuid = {F4A44B7F-615C-46D6-8913-4A784999DBCD}
	EndGlobalSection
EndGlobal
